
Microsoft Visual Studio Solution File, Format Version 12.00
# Visual Studio 15
VisualStudioVersion = 15.0.28307.168
MinimumVisualStudioVersion = 10.0.40219.1
Project("{8BC9CEB8-8B4A-11D0-8D11-00A0C91BC942}") = "War", "War\War.vcxproj", "{296E3721-4E59-4F44-8B81-03176CF6552C}"
EndProject
Global
	GlobalSection(SolutionConfigurationPlatforms) = preSolution
		Debug|x64 = Debug|x64
		Debug|x86 = Debug|x86
		Release|x64 = Release|x64
		Release|x86 = Release|x86
	EndGlobalSection
	GlobalSection(ProjectConfigurationPlatforms) = postSolution
		{296E3721-4E59-4F44-8B81-03176CF6552C}.Debug|x64.ActiveCfg = Debug|x64
		{296E3721-4E59-4F44-8B81-03176CF6552C}.Debug|x64.Build.0 = Debug|x64
		{296E3721-4E59-4F44-8B81-03176CF6552C}.Debug|x86.ActiveCfg = Debug|Win32
		{296E3721-4E59-4F44-8B81-03176CF6552C}.Debug|x86.Build.0 = Debug|Win32
		{296E3721-4E59-4F44-8B81-03176CF6552C}.Release|x64.ActiveCfg = Release|x64
		{296E3721-4E59-4F44-8B81-03176CF6552C}.Release|x64.Build.0 = Release|x64
		{296E3721-4E59-4F44-8B81-03176CF6552C}.Release|x86.ActiveCfg = Release|Win32
		{296E3721-4E59-4F44-8B81-03176CF6552C}.Release|x86.Build.0 = Release|Win32
	EndGlobalSection
	GlobalSection(SolutionProperties) = preSolution
		HideSolutionNode = FALSE
	EndGlobalSection
	GlobalSection(ExtensibilityGlobals) = postSolution
		SolutionGuid = {64485427-3330-4287-BB08-72B0BC0FFC2D}
	EndGlobalSection
EndGlobal
